
Microsoft Visual Studio Solution File, Format Version 12.00
# Visual Studio Version 17
VisualStudioVersion = 17.11.35222.181
MinimumVisualStudioVersion = 10.0.40219.1
Project("{FAE04EC0-301F-11D3-BF4B-00C04F79EFBC}") = "практос 13", "практос 13\практос 13.csproj", "{C3717BBB-9A01-4AFE-8C7B-59B7BFDBE235}"
EndProject
Project("{FAE04EC0-301F-11D3-BF4B-00C04F79EFBC}") = "LibMas", "LibMas\LibMas.csproj", "{2BE21E26-02E6-4472-A23A-2E6137193D9A}"
EndProject
Global
	GlobalSection(SolutionConfigurationPlatforms) = preSolution
		Debug|Any CPU = Debug|Any CPU
		Release|Any CPU = Release|Any CPU
	EndGlobalSection
	GlobalSection(ProjectConfigurationPlatforms) = postSolution
		{C3717BBB-9A01-4AFE-8C7B-59B7BFDBE235}.Debug|Any CPU.ActiveCfg = Debug|Any CPU
		{C3717BBB-9A01-4AFE-8C7B-59B7BFDBE235}.Debug|Any CPU.Build.0 = Debug|Any CPU
		{C3717BBB-9A01-4AFE-8C7B-59B7BFDBE235}.Release|Any CPU.ActiveCfg = Release|Any CPU
		{C3717BBB-9A01-4AFE-8C7B-59B7BFDBE235}.Release|Any CPU.Build.0 = Release|Any CPU
		{2BE21E26-02E6-4472-A23A-2E6137193D9A}.Debug|Any CPU.ActiveCfg = Debug|Any CPU
		{2BE21E26-02E6-4472-A23A-2E6137193D9A}.Debug|Any CPU.Build.0 = Debug|Any CPU
		{2BE21E26-02E6-4472-A23A-2E6137193D9A}.Release|Any CPU.ActiveCfg = Release|Any CPU
		{2BE21E26-02E6-4472-A23A-2E6137193D9A}.Release|Any CPU.Build.0 = Release|Any CPU
	EndGlobalSection
	GlobalSection(SolutionProperties) = preSolution
		HideSolutionNode = FALSE
	EndGlobalSection
	GlobalSection(ExtensibilityGlobals) = postSolution
		SolutionGuid = {C7576D1C-08B2-400D-83C8-48ABEECAA98D}
	EndGlobalSection
EndGlobal
